
Microsoft Visual Studio Solution File, Format Version 12.00
# Visual Studio Version 17
VisualStudioVersion = 17.1.31911.260
MinimumVisualStudioVersion = 10.0.40219.1
Project("{2150E333-8FDC-42A3-9474-1A3956D46DE8}") = "Observer.Pattern", "Observer.Pattern", "{2814E0CD-402A-4374-8F0B-1B13533584FA}"
	ProjectSection(SolutionItems) = preProject
		src\Observer\README.md = src\Observer\README.md
	EndProjectSection
EndProject
Project("{9A19103F-16F7-4668-BE54-9A1E7A4F7556}") = "Observer.Pull", "src\Observer\Observer.Pull\Observer.Pull.csproj", "{B5F4BAE2-97CA-4E93-893C-F1BCDDDBB02C}"
EndProject
Project("{9A19103F-16F7-4668-BE54-9A1E7A4F7556}") = "Observer.Pull.Console", "src\Observer\Observer.Pull.Console\Observer.Pull.Console.csproj", "{98D7EAEB-689A-421B-AA4F-93E5A4C815D6}"
EndProject
Project("{9A19103F-16F7-4668-BE54-9A1E7A4F7556}") = "Observer.Push", "src\Observer\Observer.Push\Observer.Push.csproj", "{32B00FE4-CB98-47D3-AC2D-60F41C9BC158}"
EndProject
Project("{9A19103F-16F7-4668-BE54-9A1E7A4F7556}") = "Observer.Push.Console", "src\Observer\Observer.Push.Console\Observer.Push.Console.csproj", "{7A7C030E-E838-4275-9017-58D2EA2B6304}"
EndProject
Project("{2150E333-8FDC-42A3-9474-1A3956D46DE8}") = "Strategy.Pattern", "Strategy.Pattern", "{4EAA571B-5E01-44A1-93A9-6858A61F300E}"
	ProjectSection(SolutionItems) = preProject
		src\Strategy\README.md = src\Strategy\README.md
	EndProjectSection
EndProject
Project("{9A19103F-16F7-4668-BE54-9A1E7A4F7556}") = "Strategy", "src\Strategy\Strategy\Strategy.csproj", "{5EBBF8F8-E1DA-447B-AB7E-0B985078866D}"
EndProject
Project("{9A19103F-16F7-4668-BE54-9A1E7A4F7556}") = "Strategy.Console", "src\Strategy\Strategy.Console\Strategy.Console.csproj", "{4439FDC2-1D4A-491C-BC46-36D96E55E3CB}"
EndProject
Project("{2150E333-8FDC-42A3-9474-1A3956D46DE8}") = "Decorator.Pattern", "Decorator.Pattern", "{9E0D788E-D6E1-4BC4-B09F-8F9A80F678EB}"
	ProjectSection(SolutionItems) = preProject
		src\Decorator\README.md = src\Decorator\README.md
	EndProjectSection
EndProject
Project("{9A19103F-16F7-4668-BE54-9A1E7A4F7556}") = "Decorator", "src\Decorator\Decorator\Decorator.csproj", "{FDBC68D1-7944-44D3-8AA6-FEC5F58F1801}"
EndProject
Project("{9A19103F-16F7-4668-BE54-9A1E7A4F7556}") = "Decorator.Console", "src\Decorator\Decorator.Console\Decorator.Console.csproj", "{E7CEDF4A-564F-49FC-B317-9002D4EB7E58}"
EndProject
Project("{2150E333-8FDC-42A3-9474-1A3956D46DE8}") = "Simple.Factory.Pattern", "Simple.Factory.Pattern", "{E51D774B-D28A-4927-894B-6C80B5FD074B}"
	ProjectSection(SolutionItems) = preProject
		src\Simple.Factory\README.md = src\Simple.Factory\README.md
	EndProjectSection
EndProject
Project("{9A19103F-16F7-4668-BE54-9A1E7A4F7556}") = "Simple.Factory", "src\Simple.Factory\Simple.Factory\Simple.Factory.csproj", "{7E1DFFC4-0246-49B9-B972-36FA6F60FC00}"
EndProject
Project("{9A19103F-16F7-4668-BE54-9A1E7A4F7556}") = "Simple.Factory.Console", "src\Simple.Factory\Simple.Factory.Console\Simple.Factory.Console.csproj", "{67EBC60B-145E-4890-B822-877C9412DC6A}"
EndProject
Project("{2150E333-8FDC-42A3-9474-1A3956D46DE8}") = "Factory.Method.Pattern", "Factory.Method.Pattern", "{45836064-1E4B-4F87-A9AB-F49682B62CDB}"
	ProjectSection(SolutionItems) = preProject
		src\Factory.Method\README.md = src\Factory.Method\README.md
	EndProjectSection
EndProject
Project("{2150E333-8FDC-42A3-9474-1A3956D46DE8}") = "Abstract.Factory.Pattern", "Abstract.Factory.Pattern", "{B63180BF-E790-40FD-8C78-DA33161AD37D}"
	ProjectSection(SolutionItems) = preProject
		src\Abstract.Factory\README.md = src\Abstract.Factory\README.md
	EndProjectSection
EndProject
Project("{9A19103F-16F7-4668-BE54-9A1E7A4F7556}") = "Factory.Method", "src\Factory.Method\Factory.Method\Factory.Method.csproj", "{C5458842-4824-497B-8CE4-CA1E72562F61}"
EndProject
Project("{9A19103F-16F7-4668-BE54-9A1E7A4F7556}") = "Factory.Method.Console", "src\Factory.Method\Factory.Method.Console\Factory.Method.Console.csproj", "{65FFE8C8-E215-48E1-8545-BDB545352F78}"
EndProject
Project("{9A19103F-16F7-4668-BE54-9A1E7A4F7556}") = "Abstract.Factory", "src\Abstract.Factory\Abstract.Factory\Abstract.Factory.csproj", "{B19E6381-A43B-4DDD-9308-06F0BABA81EB}"
EndProject
Project("{9A19103F-16F7-4668-BE54-9A1E7A4F7556}") = "Abstract.Factory.Console", "src\Abstract.Factory\Abstract.Factory.Console\Abstract.Factory.Console.csproj", "{20D4AC16-1892-423C-8A05-5753ABBF292F}"
EndProject
Project("{2150E333-8FDC-42A3-9474-1A3956D46DE8}") = "Singleton.Pattern", "Singleton.Pattern", "{665BA436-388E-4EF8-BEE7-5E23CD651FF3}"
	ProjectSection(SolutionItems) = preProject
		src\Singleton\README.md = src\Singleton\README.md
	EndProjectSection
EndProject
Project("{9A19103F-16F7-4668-BE54-9A1E7A4F7556}") = "Singleton", "src\Singleton\Singleton\Singleton.csproj", "{F36FA846-3A5F-4B3E-9803-0C2770363FEC}"
EndProject
Project("{9A19103F-16F7-4668-BE54-9A1E7A4F7556}") = "Singleton.Console", "src\Singleton\Singleton.Console\Singleton.Console.csproj", "{947D67A6-91D4-4680-AA7C-3C220DFC32F9}"
EndProject
Project("{2150E333-8FDC-42A3-9474-1A3956D46DE8}") = "Command.Pattern", "Command.Pattern", "{8E8F8440-C27E-421F-A76A-4884C589A25D}"
	ProjectSection(SolutionItems) = preProject
		src\Command\README.md = src\Command\README.md
	EndProjectSection
EndProject
Project("{9A19103F-16F7-4668-BE54-9A1E7A4F7556}") = "Command", "src\Command\Command\Command.csproj", "{BD4C4AF8-E77D-4F18-811A-7AD55662730B}"
EndProject
Project("{9A19103F-16F7-4668-BE54-9A1E7A4F7556}") = "Command.Console", "src\Command\Command.Console\Command.Console.csproj", "{9C06DDCF-B793-4610-AC21-5495A69888D8}"
EndProject
Project("{2150E333-8FDC-42A3-9474-1A3956D46DE8}") = "Adapter.Pattern", "Adapter.Pattern", "{CCE505AA-D4C6-427C-AD82-CCD58BE41C29}"
	ProjectSection(SolutionItems) = preProject
		src\Adapter\README.md = src\Adapter\README.md
	EndProjectSection
EndProject
Project("{9A19103F-16F7-4668-BE54-9A1E7A4F7556}") = "Adapter", "src\Adapter\Adapter\Adapter.csproj", "{42FD874A-D8B0-4CB7-B18B-63728F2AC87F}"
EndProject
Project("{9A19103F-16F7-4668-BE54-9A1E7A4F7556}") = "Adapter.Console", "src\Adapter\Adapter.Console\Adapter.Console.csproj", "{31C6301E-72D9-4330-9DB9-5FEC9FF1BFF8}"
EndProject
Project("{2150E333-8FDC-42A3-9474-1A3956D46DE8}") = "Facade", "Facade", "{7701535C-545D-4442-977C-22EA9AFCEA77}"
	ProjectSection(SolutionItems) = preProject
		src\Facade\README.md = src\Facade\README.md
	EndProjectSection
EndProject
Project("{FAE04EC0-301F-11D3-BF4B-00C04F79EFBC}") = "Facade", "src\Facade\Facade\Facade.csproj", "{8F406E56-C16A-4C3D-A038-1817B5D7649F}"
EndProject
Project("{FAE04EC0-301F-11D3-BF4B-00C04F79EFBC}") = "Facade.Console", "src\Facade\Facade.Console\Facade.Console.csproj", "{8A2FD571-B6E6-4517-B2AE-CF960B2914D2}"
EndProject
Global
	GlobalSection(SolutionConfigurationPlatforms) = preSolution
		Debug|Any CPU = Debug|Any CPU
		Release|Any CPU = Release|Any CPU
	EndGlobalSection
	GlobalSection(ProjectConfigurationPlatforms) = postSolution
		{B5F4BAE2-97CA-4E93-893C-F1BCDDDBB02C}.Debug|Any CPU.ActiveCfg = Debug|Any CPU
		{B5F4BAE2-97CA-4E93-893C-F1BCDDDBB02C}.Debug|Any CPU.Build.0 = Debug|Any CPU
		{B5F4BAE2-97CA-4E93-893C-F1BCDDDBB02C}.Release|Any CPU.ActiveCfg = Release|Any CPU
		{B5F4BAE2-97CA-4E93-893C-F1BCDDDBB02C}.Release|Any CPU.Build.0 = Release|Any CPU
		{98D7EAEB-689A-421B-AA4F-93E5A4C815D6}.Debug|Any CPU.ActiveCfg = Debug|Any CPU
		{98D7EAEB-689A-421B-AA4F-93E5A4C815D6}.Debug|Any CPU.Build.0 = Debug|Any CPU
		{98D7EAEB-689A-421B-AA4F-93E5A4C815D6}.Release|Any CPU.ActiveCfg = Release|Any CPU
		{98D7EAEB-689A-421B-AA4F-93E5A4C815D6}.Release|Any CPU.Build.0 = Release|Any CPU
		{32B00FE4-CB98-47D3-AC2D-60F41C9BC158}.Debug|Any CPU.ActiveCfg = Debug|Any CPU
		{32B00FE4-CB98-47D3-AC2D-60F41C9BC158}.Debug|Any CPU.Build.0 = Debug|Any CPU
		{32B00FE4-CB98-47D3-AC2D-60F41C9BC158}.Release|Any CPU.ActiveCfg = Release|Any CPU
		{32B00FE4-CB98-47D3-AC2D-60F41C9BC158}.Release|Any CPU.Build.0 = Release|Any CPU
		{7A7C030E-E838-4275-9017-58D2EA2B6304}.Debug|Any CPU.ActiveCfg = Debug|Any CPU
		{7A7C030E-E838-4275-9017-58D2EA2B6304}.Debug|Any CPU.Build.0 = Debug|Any CPU
		{7A7C030E-E838-4275-9017-58D2EA2B6304}.Release|Any CPU.ActiveCfg = Release|Any CPU
		{7A7C030E-E838-4275-9017-58D2EA2B6304}.Release|Any CPU.Build.0 = Release|Any CPU
		{5EBBF8F8-E1DA-447B-AB7E-0B985078866D}.Debug|Any CPU.ActiveCfg = Debug|Any CPU
		{5EBBF8F8-E1DA-447B-AB7E-0B985078866D}.Debug|Any CPU.Build.0 = Debug|Any CPU
		{5EBBF8F8-E1DA-447B-AB7E-0B985078866D}.Release|Any CPU.ActiveCfg = Release|Any CPU
		{5EBBF8F8-E1DA-447B-AB7E-0B985078866D}.Release|Any CPU.Build.0 = Release|Any CPU
		{4439FDC2-1D4A-491C-BC46-36D96E55E3CB}.Debug|Any CPU.ActiveCfg = Debug|Any CPU
		{4439FDC2-1D4A-491C-BC46-36D96E55E3CB}.Debug|Any CPU.Build.0 = Debug|Any CPU
		{4439FDC2-1D4A-491C-BC46-36D96E55E3CB}.Release|Any CPU.ActiveCfg = Release|Any CPU
		{4439FDC2-1D4A-491C-BC46-36D96E55E3CB}.Release|Any CPU.Build.0 = Release|Any CPU
		{FDBC68D1-7944-44D3-8AA6-FEC5F58F1801}.Debug|Any CPU.ActiveCfg = Debug|Any CPU
		{FDBC68D1-7944-44D3-8AA6-FEC5F58F1801}.Debug|Any CPU.Build.0 = Debug|Any CPU
		{FDBC68D1-7944-44D3-8AA6-FEC5F58F1801}.Release|Any CPU.ActiveCfg = Release|Any CPU
		{FDBC68D1-7944-44D3-8AA6-FEC5F58F1801}.Release|Any CPU.Build.0 = Release|Any CPU
		{E7CEDF4A-564F-49FC-B317-9002D4EB7E58}.Debug|Any CPU.ActiveCfg = Debug|Any CPU
		{E7CEDF4A-564F-49FC-B317-9002D4EB7E58}.Debug|Any CPU.Build.0 = Debug|Any CPU
		{E7CEDF4A-564F-49FC-B317-9002D4EB7E58}.Release|Any CPU.ActiveCfg = Release|Any CPU
		{E7CEDF4A-564F-49FC-B317-9002D4EB7E58}.Release|Any CPU.Build.0 = Release|Any CPU
		{7E1DFFC4-0246-49B9-B972-36FA6F60FC00}.Debug|Any CPU.ActiveCfg = Debug|Any CPU
		{7E1DFFC4-0246-49B9-B972-36FA6F60FC00}.Debug|Any CPU.Build.0 = Debug|Any CPU
		{7E1DFFC4-0246-49B9-B972-36FA6F60FC00}.Release|Any CPU.ActiveCfg = Release|Any CPU
		{7E1DFFC4-0246-49B9-B972-36FA6F60FC00}.Release|Any CPU.Build.0 = Release|Any CPU
		{67EBC60B-145E-4890-B822-877C9412DC6A}.Debug|Any CPU.ActiveCfg = Debug|Any CPU
		{67EBC60B-145E-4890-B822-877C9412DC6A}.Debug|Any CPU.Build.0 = Debug|Any CPU
		{67EBC60B-145E-4890-B822-877C9412DC6A}.Release|Any CPU.ActiveCfg = Release|Any CPU
		{67EBC60B-145E-4890-B822-877C9412DC6A}.Release|Any CPU.Build.0 = Release|Any CPU
		{C5458842-4824-497B-8CE4-CA1E72562F61}.Debug|Any CPU.ActiveCfg = Debug|Any CPU
		{C5458842-4824-497B-8CE4-CA1E72562F61}.Debug|Any CPU.Build.0 = Debug|Any CPU
		{C5458842-4824-497B-8CE4-CA1E72562F61}.Release|Any CPU.ActiveCfg = Release|Any CPU
		{C5458842-4824-497B-8CE4-CA1E72562F61}.Release|Any CPU.Build.0 = Release|Any CPU
		{65FFE8C8-E215-48E1-8545-BDB545352F78}.Debug|Any CPU.ActiveCfg = Debug|Any CPU
		{65FFE8C8-E215-48E1-8545-BDB545352F78}.Debug|Any CPU.Build.0 = Debug|Any CPU
		{65FFE8C8-E215-48E1-8545-BDB545352F78}.Release|Any CPU.ActiveCfg = Release|Any CPU
		{65FFE8C8-E215-48E1-8545-BDB545352F78}.Release|Any CPU.Build.0 = Release|Any CPU
		{B19E6381-A43B-4DDD-9308-06F0BABA81EB}.Debug|Any CPU.ActiveCfg = Debug|Any CPU
		{B19E6381-A43B-4DDD-9308-06F0BABA81EB}.Debug|Any CPU.Build.0 = Debug|Any CPU
		{B19E6381-A43B-4DDD-9308-06F0BABA81EB}.Release|Any CPU.ActiveCfg = Release|Any CPU
		{B19E6381-A43B-4DDD-9308-06F0BABA81EB}.Release|Any CPU.Build.0 = Release|Any CPU
		{20D4AC16-1892-423C-8A05-5753ABBF292F}.Debug|Any CPU.ActiveCfg = Debug|Any CPU
		{20D4AC16-1892-423C-8A05-5753ABBF292F}.Debug|Any CPU.Build.0 = Debug|Any CPU
		{20D4AC16-1892-423C-8A05-5753ABBF292F}.Release|Any CPU.ActiveCfg = Release|Any CPU
		{20D4AC16-1892-423C-8A05-5753ABBF292F}.Release|Any CPU.Build.0 = Release|Any CPU
		{F36FA846-3A5F-4B3E-9803-0C2770363FEC}.Debug|Any CPU.ActiveCfg = Debug|Any CPU
		{F36FA846-3A5F-4B3E-9803-0C2770363FEC}.Debug|Any CPU.Build.0 = Debug|Any CPU
		{F36FA846-3A5F-4B3E-9803-0C2770363FEC}.Release|Any CPU.ActiveCfg = Release|Any CPU
		{F36FA846-3A5F-4B3E-9803-0C2770363FEC}.Release|Any CPU.Build.0 = Release|Any CPU
		{947D67A6-91D4-4680-AA7C-3C220DFC32F9}.Debug|Any CPU.ActiveCfg = Debug|Any CPU
		{947D67A6-91D4-4680-AA7C-3C220DFC32F9}.Debug|Any CPU.Build.0 = Debug|Any CPU
		{947D67A6-91D4-4680-AA7C-3C220DFC32F9}.Release|Any CPU.ActiveCfg = Release|Any CPU
		{947D67A6-91D4-4680-AA7C-3C220DFC32F9}.Release|Any CPU.Build.0 = Release|Any CPU
		{BD4C4AF8-E77D-4F18-811A-7AD55662730B}.Debug|Any CPU.ActiveCfg = Debug|Any CPU
		{BD4C4AF8-E77D-4F18-811A-7AD55662730B}.Debug|Any CPU.Build.0 = Debug|Any CPU
		{BD4C4AF8-E77D-4F18-811A-7AD55662730B}.Release|Any CPU.ActiveCfg = Release|Any CPU
		{BD4C4AF8-E77D-4F18-811A-7AD55662730B}.Release|Any CPU.Build.0 = Release|Any CPU
		{9C06DDCF-B793-4610-AC21-5495A69888D8}.Debug|Any CPU.ActiveCfg = Debug|Any CPU
		{9C06DDCF-B793-4610-AC21-5495A69888D8}.Debug|Any CPU.Build.0 = Debug|Any CPU
		{9C06DDCF-B793-4610-AC21-5495A69888D8}.Release|Any CPU.ActiveCfg = Release|Any CPU
		{9C06DDCF-B793-4610-AC21-5495A69888D8}.Release|Any CPU.Build.0 = Release|Any CPU
		{42FD874A-D8B0-4CB7-B18B-63728F2AC87F}.Debug|Any CPU.ActiveCfg = Debug|Any CPU
		{42FD874A-D8B0-4CB7-B18B-63728F2AC87F}.Debug|Any CPU.Build.0 = Debug|Any CPU
		{42FD874A-D8B0-4CB7-B18B-63728F2AC87F}.Release|Any CPU.ActiveCfg = Release|Any CPU
		{42FD874A-D8B0-4CB7-B18B-63728F2AC87F}.Release|Any CPU.Build.0 = Release|Any CPU
		{31C6301E-72D9-4330-9DB9-5FEC9FF1BFF8}.Debug|Any CPU.ActiveCfg = Debug|Any CPU
		{31C6301E-72D9-4330-9DB9-5FEC9FF1BFF8}.Debug|Any CPU.Build.0 = Debug|Any CPU
		{31C6301E-72D9-4330-9DB9-5FEC9FF1BFF8}.Release|Any CPU.ActiveCfg = Release|Any CPU
		{31C6301E-72D9-4330-9DB9-5FEC9FF1BFF8}.Release|Any CPU.Build.0 = Release|Any CPU
		{8F406E56-C16A-4C3D-A038-1817B5D7649F}.Debug|Any CPU.ActiveCfg = Debug|Any CPU
		{8F406E56-C16A-4C3D-A038-1817B5D7649F}.Debug|Any CPU.Build.0 = Debug|Any CPU
		{8F406E56-C16A-4C3D-A038-1817B5D7649F}.Release|Any CPU.ActiveCfg = Release|Any CPU
		{8F406E56-C16A-4C3D-A038-1817B5D7649F}.Release|Any CPU.Build.0 = Release|Any CPU
		{8A2FD571-B6E6-4517-B2AE-CF960B2914D2}.Debug|Any CPU.ActiveCfg = Debug|Any CPU
		{8A2FD571-B6E6-4517-B2AE-CF960B2914D2}.Debug|Any CPU.Build.0 = Debug|Any CPU
		{8A2FD571-B6E6-4517-B2AE-CF960B2914D2}.Release|Any CPU.ActiveCfg = Release|Any CPU
		{8A2FD571-B6E6-4517-B2AE-CF960B2914D2}.Release|Any CPU.Build.0 = Release|Any CPU
	EndGlobalSection
	GlobalSection(SolutionProperties) = preSolution
		HideSolutionNode = FALSE
	EndGlobalSection
	GlobalSection(NestedProjects) = preSolution
		{B5F4BAE2-97CA-4E93-893C-F1BCDDDBB02C} = {2814E0CD-402A-4374-8F0B-1B13533584FA}
		{98D7EAEB-689A-421B-AA4F-93E5A4C815D6} = {2814E0CD-402A-4374-8F0B-1B13533584FA}
		{32B00FE4-CB98-47D3-AC2D-60F41C9BC158} = {2814E0CD-402A-4374-8F0B-1B13533584FA}
		{7A7C030E-E838-4275-9017-58D2EA2B6304} = {2814E0CD-402A-4374-8F0B-1B13533584FA}
		{5EBBF8F8-E1DA-447B-AB7E-0B985078866D} = {4EAA571B-5E01-44A1-93A9-6858A61F300E}
		{4439FDC2-1D4A-491C-BC46-36D96E55E3CB} = {4EAA571B-5E01-44A1-93A9-6858A61F300E}
		{FDBC68D1-7944-44D3-8AA6-FEC5F58F1801} = {9E0D788E-D6E1-4BC4-B09F-8F9A80F678EB}
		{E7CEDF4A-564F-49FC-B317-9002D4EB7E58} = {9E0D788E-D6E1-4BC4-B09F-8F9A80F678EB}
		{7E1DFFC4-0246-49B9-B972-36FA6F60FC00} = {E51D774B-D28A-4927-894B-6C80B5FD074B}
		{67EBC60B-145E-4890-B822-877C9412DC6A} = {E51D774B-D28A-4927-894B-6C80B5FD074B}
		{C5458842-4824-497B-8CE4-CA1E72562F61} = {45836064-1E4B-4F87-A9AB-F49682B62CDB}
		{65FFE8C8-E215-48E1-8545-BDB545352F78} = {45836064-1E4B-4F87-A9AB-F49682B62CDB}
		{B19E6381-A43B-4DDD-9308-06F0BABA81EB} = {B63180BF-E790-40FD-8C78-DA33161AD37D}
		{20D4AC16-1892-423C-8A05-5753ABBF292F} = {B63180BF-E790-40FD-8C78-DA33161AD37D}
		{F36FA846-3A5F-4B3E-9803-0C2770363FEC} = {665BA436-388E-4EF8-BEE7-5E23CD651FF3}
		{947D67A6-91D4-4680-AA7C-3C220DFC32F9} = {665BA436-388E-4EF8-BEE7-5E23CD651FF3}
		{BD4C4AF8-E77D-4F18-811A-7AD55662730B} = {8E8F8440-C27E-421F-A76A-4884C589A25D}
		{9C06DDCF-B793-4610-AC21-5495A69888D8} = {8E8F8440-C27E-421F-A76A-4884C589A25D}
		{42FD874A-D8B0-4CB7-B18B-63728F2AC87F} = {CCE505AA-D4C6-427C-AD82-CCD58BE41C29}
		{31C6301E-72D9-4330-9DB9-5FEC9FF1BFF8} = {CCE505AA-D4C6-427C-AD82-CCD58BE41C29}
		{8F406E56-C16A-4C3D-A038-1817B5D7649F} = {7701535C-545D-4442-977C-22EA9AFCEA77}
		{8A2FD571-B6E6-4517-B2AE-CF960B2914D2} = {7701535C-545D-4442-977C-22EA9AFCEA77}
	EndGlobalSection
	GlobalSection(ExtensibilityGlobals) = postSolution
		SolutionGuid = {0E53779C-91DB-4DE6-B8F9-BBFDBB228731}
	EndGlobalSection
EndGlobal
